
Microsoft Visual Studio Solution File, Format Version 12.00
# Visual Studio 15
Project("{D954291E-2A0B-460D-934E-DC6B0785DB48}") = "VVTest", "VVTest\VVTest.shproj", "{1FC429E6-507A-47DB-A0BE-3B4F439ABB0C}"
EndProject
Project("{FAE04EC0-301F-11D3-BF4B-00C04F79EFBC}") = "VVTest.iOS", "iOS\VVTest.iOS.csproj", "{10C98C28-D29E-402A-B49B-C5447AF8E7C2}"
EndProject
Project("{FAE04EC0-301F-11D3-BF4B-00C04F79EFBC}") = "VVTest.Droid", "Droid\VVTest.Droid.csproj", "{DBFD3293-E568-423D-BE94-691E947AB392}"
EndProject
Global
	GlobalSection(SolutionConfigurationPlatforms) = preSolution
		Debug|iPhoneSimulator = Debug|iPhoneSimulator
		Release|iPhone = Release|iPhone
		Release|iPhoneSimulator = Release|iPhoneSimulator
		Debug|iPhone = Debug|iPhone
		Debug|Any CPU = Debug|Any CPU
		Release|Any CPU = Release|Any CPU
	EndGlobalSection
	GlobalSection(ProjectConfigurationPlatforms) = postSolution
		{10C98C28-D29E-402A-B49B-C5447AF8E7C2}.Debug|iPhoneSimulator.ActiveCfg = Debug|iPhoneSimulator
		{10C98C28-D29E-402A-B49B-C5447AF8E7C2}.Debug|iPhoneSimulator.Build.0 = Debug|iPhoneSimulator
		{10C98C28-D29E-402A-B49B-C5447AF8E7C2}.Release|iPhone.ActiveCfg = Release|iPhone
		{10C98C28-D29E-402A-B49B-C5447AF8E7C2}.Release|iPhone.Build.0 = Release|iPhone
		{10C98C28-D29E-402A-B49B-C5447AF8E7C2}.Release|iPhoneSimulator.ActiveCfg = Release|iPhoneSimulator
		{10C98C28-D29E-402A-B49B-C5447AF8E7C2}.Release|iPhoneSimulator.Build.0 = Release|iPhoneSimulator
		{10C98C28-D29E-402A-B49B-C5447AF8E7C2}.Debug|iPhone.ActiveCfg = Debug|iPhone
		{10C98C28-D29E-402A-B49B-C5447AF8E7C2}.Debug|iPhone.Build.0 = Debug|iPhone
		{10C98C28-D29E-402A-B49B-C5447AF8E7C2}.Debug|Any CPU.ActiveCfg = Debug|iPhoneSimulator
		{10C98C28-D29E-402A-B49B-C5447AF8E7C2}.Debug|Any CPU.Build.0 = Debug|iPhoneSimulator
		{10C98C28-D29E-402A-B49B-C5447AF8E7C2}.Release|Any CPU.ActiveCfg = Release|iPhone
		{10C98C28-D29E-402A-B49B-C5447AF8E7C2}.Release|Any CPU.Build.0 = Release|iPhone
		{DBFD3293-E568-423D-BE94-691E947AB392}.Debug|iPhoneSimulator.ActiveCfg = Debug|Any CPU
		{DBFD3293-E568-423D-BE94-691E947AB392}.Debug|iPhoneSimulator.Build.0 = Debug|Any CPU
		{DBFD3293-E568-423D-BE94-691E947AB392}.Release|iPhone.ActiveCfg = Release|Any CPU
		{DBFD3293-E568-423D-BE94-691E947AB392}.Release|iPhone.Build.0 = Release|Any CPU
		{DBFD3293-E568-423D-BE94-691E947AB392}.Release|iPhoneSimulator.ActiveCfg = Release|Any CPU
		{DBFD3293-E568-423D-BE94-691E947AB392}.Release|iPhoneSimulator.Build.0 = Release|Any CPU
		{DBFD3293-E568-423D-BE94-691E947AB392}.Debug|iPhone.ActiveCfg = Debug|Any CPU
		{DBFD3293-E568-423D-BE94-691E947AB392}.Debug|iPhone.Build.0 = Debug|Any CPU
		{DBFD3293-E568-423D-BE94-691E947AB392}.Debug|Any CPU.ActiveCfg = Debug|Any CPU
		{DBFD3293-E568-423D-BE94-691E947AB392}.Debug|Any CPU.Build.0 = Debug|Any CPU
		{DBFD3293-E568-423D-BE94-691E947AB392}.Release|Any CPU.ActiveCfg = Release|Any CPU
		{DBFD3293-E568-423D-BE94-691E947AB392}.Release|Any CPU.Build.0 = Release|Any CPU
	EndGlobalSection
EndGlobal
